
Microsoft Visual Studio Solution File, Format Version 12.00
# Visual Studio 2012
Project("{FAE04EC0-301F-11D3-BF4B-00C04F79EFBC}") = "TagProcess", "TagProcess\TagProcess.csproj", "{6EE72D6E-3F23-4C1F-AF8F-1147DBB6ECE8}"
EndProject
Global
	GlobalSection(SolutionConfigurationPlatforms) = preSolution
		Debug|Any CPU = Debug|Any CPU
		Release|Any CPU = Release|Any CPU
	EndGlobalSection
	GlobalSection(ProjectConfigurationPlatforms) = postSolution
		{6EE72D6E-3F23-4C1F-AF8F-1147DBB6ECE8}.Debug|Any CPU.ActiveCfg = Debug|Any CPU
		{6EE72D6E-3F23-4C1F-AF8F-1147DBB6ECE8}.Debug|Any CPU.Build.0 = Debug|Any CPU
		{6EE72D6E-3F23-4C1F-AF8F-1147DBB6ECE8}.Release|Any CPU.ActiveCfg = Release|Any CPU
		{6EE72D6E-3F23-4C1F-AF8F-1147DBB6ECE8}.Release|Any CPU.Build.0 = Release|Any CPU
	EndGlobalSection
	GlobalSection(SolutionProperties) = preSolution
		HideSolutionNode = FALSE
	EndGlobalSection
EndGlobal
